
Microsoft Visual Studio Solution File, Format Version 12.00
Project("{FAE04EC0-301F-11D3-BF4B-00C04F79EFBC}") = "Fray", "Fray\Fray.csproj", "{86FEDE9D-A833-455C-AFBD-46A09CC70196}"
EndProject
Global
	GlobalSection(SolutionConfigurationPlatforms) = preSolution
		Debug|Any CPU = Debug|Any CPU
		Release|Any CPU = Release|Any CPU
	EndGlobalSection
	GlobalSection(ProjectConfigurationPlatforms) = postSolution
		{86FEDE9D-A833-455C-AFBD-46A09CC70196}.Debug|Any CPU.ActiveCfg = Debug|Any CPU
		{86FEDE9D-A833-455C-AFBD-46A09CC70196}.Debug|Any CPU.Build.0 = Debug|Any CPU
		{86FEDE9D-A833-455C-AFBD-46A09CC70196}.Release|Any CPU.ActiveCfg = Release|Any CPU
		{86FEDE9D-A833-455C-AFBD-46A09CC70196}.Release|Any CPU.Build.0 = Release|Any CPU
	EndGlobalSection
EndGlobal
